
Microsoft Visual Studio Solution File, Format Version 12.00
# Visual Studio 15
VisualStudioVersion = 15.0.26124.0
MinimumVisualStudioVersion = 15.0.26124.0
Project("{FAE04EC0-301F-11D3-BF4B-00C04F79EFBC}") = "SonarqubeMSTeamsBridge", "SonarqubeMSTeamsBridge\SonarqubeMSTeamsBridge.csproj", "{E5AD7069-DEE8-4623-B755-DE650D6D96D8}"
EndProject
Project("{FAE04EC0-301F-11D3-BF4B-00C04F79EFBC}") = "SonarqubeMSTeamsBridgeTests", "SonarqubeMSTeamsBridge.Tests\SonarqubeMSTeamsBridgeTests.csproj", "{BA605CD9-D287-4841-8DDB-6438D37B076B}"
EndProject
Global
	GlobalSection(SolutionConfigurationPlatforms) = preSolution
		Debug|Any CPU = Debug|Any CPU
		Debug|x64 = Debug|x64
		Debug|x86 = Debug|x86
		Release|Any CPU = Release|Any CPU
		Release|x64 = Release|x64
		Release|x86 = Release|x86
	EndGlobalSection
	GlobalSection(SolutionProperties) = preSolution
		HideSolutionNode = FALSE
	EndGlobalSection
	GlobalSection(ProjectConfigurationPlatforms) = postSolution
		{E5AD7069-DEE8-4623-B755-DE650D6D96D8}.Debug|Any CPU.ActiveCfg = Debug|Any CPU
		{E5AD7069-DEE8-4623-B755-DE650D6D96D8}.Debug|Any CPU.Build.0 = Debug|Any CPU
		{E5AD7069-DEE8-4623-B755-DE650D6D96D8}.Debug|x64.ActiveCfg = Debug|Any CPU
		{E5AD7069-DEE8-4623-B755-DE650D6D96D8}.Debug|x64.Build.0 = Debug|Any CPU
		{E5AD7069-DEE8-4623-B755-DE650D6D96D8}.Debug|x86.ActiveCfg = Debug|Any CPU
		{E5AD7069-DEE8-4623-B755-DE650D6D96D8}.Debug|x86.Build.0 = Debug|Any CPU
		{E5AD7069-DEE8-4623-B755-DE650D6D96D8}.Release|Any CPU.ActiveCfg = Release|Any CPU
		{E5AD7069-DEE8-4623-B755-DE650D6D96D8}.Release|Any CPU.Build.0 = Release|Any CPU
		{E5AD7069-DEE8-4623-B755-DE650D6D96D8}.Release|x64.ActiveCfg = Release|Any CPU
		{E5AD7069-DEE8-4623-B755-DE650D6D96D8}.Release|x64.Build.0 = Release|Any CPU
		{E5AD7069-DEE8-4623-B755-DE650D6D96D8}.Release|x86.ActiveCfg = Release|Any CPU
		{E5AD7069-DEE8-4623-B755-DE650D6D96D8}.Release|x86.Build.0 = Release|Any CPU
		{BA605CD9-D287-4841-8DDB-6438D37B076B}.Debug|Any CPU.ActiveCfg = Debug|Any CPU
		{BA605CD9-D287-4841-8DDB-6438D37B076B}.Debug|Any CPU.Build.0 = Debug|Any CPU
		{BA605CD9-D287-4841-8DDB-6438D37B076B}.Debug|x64.ActiveCfg = Debug|Any CPU
		{BA605CD9-D287-4841-8DDB-6438D37B076B}.Debug|x64.Build.0 = Debug|Any CPU
		{BA605CD9-D287-4841-8DDB-6438D37B076B}.Debug|x86.ActiveCfg = Debug|Any CPU
		{BA605CD9-D287-4841-8DDB-6438D37B076B}.Debug|x86.Build.0 = Debug|Any CPU
		{BA605CD9-D287-4841-8DDB-6438D37B076B}.Release|Any CPU.ActiveCfg = Release|Any CPU
		{BA605CD9-D287-4841-8DDB-6438D37B076B}.Release|Any CPU.Build.0 = Release|Any CPU
		{BA605CD9-D287-4841-8DDB-6438D37B076B}.Release|x64.ActiveCfg = Release|Any CPU
		{BA605CD9-D287-4841-8DDB-6438D37B076B}.Release|x64.Build.0 = Release|Any CPU
		{BA605CD9-D287-4841-8DDB-6438D37B076B}.Release|x86.ActiveCfg = Release|Any CPU
		{BA605CD9-D287-4841-8DDB-6438D37B076B}.Release|x86.Build.0 = Release|Any CPU
	EndGlobalSection
EndGlobal
